// !$*UTF8*$!
{
	archiveVersion = 1;
	classes = {
	};
	objectVersion = 46;
	objects = {

/* Begin PBXBuildFile section */
		6B6B80921BE9A4C100751F8B /* LibDemo.h in CopyFiles */ = {isa = PBXBuildFile; fileRef = 6B6B80911BE9A4C100751F8B /* LibDemo.h */; };
		6B6B80941BE9A4C100751F8B /* LibDemo.m in Sources */ = {isa = PBXBuildFile; fileRef = 6B6B80931BE9A4C100751F8B /* LibDemo.m */; };
/* End PBXBuildFile section */

/* Begin PBXCopyFilesBuildPhase section */
		6B6B808C1BE9A4C100751F8B /* CopyFiles */ = {
			isa = PBXCopyFilesBuildPhase;
			buildActionMask = 2147483647;
			dstPath = "include/$(PRODUCT_NAME)";
			dstSubfolderSpec = 16;
			files = (
				6B6B80921BE9A4C100751F8B /* LibDemo.h in CopyFiles */,
			);
			runOnlyForDeploymentPostprocessing = 0;
		};
/* End PBXCopyFilesBuildPhase section */

/* Begin PBXFileReference section */
		6B6B808E1BE9A4C100751F8B /* libLibDemo.a */ = {isa = PBXFileReference; explicitFileType = archive.ar; includeInIndex = 0; path = libLibDemo.a; sourceTree = BUILT_PRODUCTS_DIR; };
		6B6B80911BE9A4C100751F8B /* LibDemo.h */ = {isa = PBXFileReference; lastKnownFileType = sourcecode.c.h; path = LibDemo.h; sourceTree = "<group>"; };
		6B6B80931BE9A4C100751F8B /* LibDemo.m */ = {isa = PBXFileReference; lastKnownFileType = sourcecode.c.objc; path = LibDemo.m; sourceTree = "<group>"; };
/* End PBXFileReference section */

/* Begin PBXFrameworksBuildPhase section */
		6B6B808B1BE9A4C100751F8B /* Frameworks */ = {
			isa = PBXFrameworksBuildPhase;
			buildActionMask = 2147483647;
			files = (
			);
			runOnlyForDeploymentPostprocessing = 0;
		};
/* End PBXFrameworksBuildPhase section */

/* Begin PBXGroup section */
		6B6B80851BE9A4C100751F8B = {
			isa = PBXGroup;
			children = (
				6B6B80901BE9A4C100751F8B /* LibDemo */,
				6B6B808F1BE9A4C100751F8B /* Products */,
			);
			sourceTree = "<group>";
		};
		6B6B808F1BE9A4C100751F8B /* Products */ = {
			isa = PBXGroup;
			children = (
				6B6B808E1BE9A4C100751F8B /* libLibDemo.a */,
			);
			name = Products;
			sourceTree = "<group>";
		};
		6B6B80901BE9A4C100751F8B /* LibDemo */ = {
			isa = PBXGroup;
			children = (
				6B6B80911BE9A4C100751F8B /* LibDemo.h */,
				6B6B80931BE9A4C100751F8B /* LibDemo.m */,
			);
			path = LibDemo;
			sourceTree = "<group>";
		};
/* End PBXGroup section */

/* Begin PBXNativeTarget section */
		6B6B808D1BE9A4C100751F8B /* LibDemo */ = {
			isa = PBXNativeTarget;
			buildConfigurationList = 6B6B80971BE9A4C100751F8B /* Build configuration list for PBXNativeTarget "LibDemo" */;
			buildPhases = (
				6B6B808A1BE9A4C100751F8B /* Sources */,
				6B6B808B1BE9A4C100751F8B /* Frameworks */,
				6B6B808C1BE9A4C100751F8B /* CopyFiles */,
			);
			buildRules = (
			);
			dependencies = (
			);
			name = LibDemo;
			productName = LibDemo;
			productReference = 6B6B808E1BE9A4C100751F8B /* libLibDemo.a */;
			productType = "com.apple.product-type.library.static";
		};
/* End PBXNativeTarget section */

/* Begin PBXProject section */
		6B6B80861BE9A4C100751F8B /* Project object */ = {
			isa = PBXProject;
			attributes = {
				LastUpgradeCheck = 0700;
				ORGANIZATIONNAME = liyc;
				TargetAttributes = {
					6B6B808D1BE9A4C100751F8B = {
						CreatedOnToolsVersion = 7.0;
					};
				};
			};
			buildConfigurationList = 6B6B80891BE9A4C100751F8B /* Build configuration list for PBXProject "LibDemo" */;
			compatibilityVersion = "Xcode 3.2";
			developmentRegion = English;
			hasScannedForEncodings = 0;
			knownRegions = (
				en,
			);
			mainGroup = 6B6B80851BE9A4C100751F8B;
			productRefGroup = 6B6B808F1BE9A4C100751F8B /* Products */;
			projectDirPath = "";
			projectRoot = "";
			targets = (
				6B6B808D1BE9A4C100751F8B /* LibDemo */,
			);
		};
/* End PBXProject section */

/* Begin PBXSourcesBuildPhase section */
		6B6B808A1BE9A4C100751F8B /* Sources */ = {
			isa = PBXSourcesBuildPhase;
			buildActionMask = 2147483647;
			files = (
				6B6B80941BE9A4C100751F8B /* LibDemo.m in Sources */,
			);
			runOnlyForDeploymentPostprocessing = 0;
		};
/* End PBXSourcesBuildPhase section */

/* Begin XCBuildConfiguration section */
		6B6B80951BE9A4C100751F8B /* Debug */ = {
			isa = XCBuildConfiguration;
			buildSettings = {
				ALWAYS_SEARCH_USER_PATHS = NO;
				CLANG_CXX_LANGUAGE_STANDARD = "gnu++0x";
				CLANG_CXX_LIBRARY = "libc++";
				CLANG_ENABLE_MODULES = YES;
				CLANG_ENABLE_OBJC_ARC = YES;
				CLANG_WARN_BOOL_CONVERSION = YES;
				CLANG_WARN_CONSTANT_CONVERSION = YES;
				CLANG_WARN_DIRECT_OBJC_ISA_USAGE = YES_ERROR;
				CLANG_WARN_EMPTY_BODY = YES;
				CLANG_WARN_ENUM_CONVERSION = YES;
				CLANG_WARN_INT_CONVERSION = YES;
				CLANG_WARN_OBJC_ROOT_CLASS = YES_ERROR;
				CLANG_WARN_UNREACHABLE_CODE = YES;
				CLANG_WARN__DUPLICATE_METHOD_MATCH = YES;
				COPY_PHASE_STRIP = NO;
				DEBUG_INFORMATION_FORMAT = dwarf;
				ENABLE_STRICT_OBJC_MSGSEND = YES;
				ENABLE_TESTABILITY = YES;
				GCC_C_LANGUAGE_STANDARD = gnu99;
				GCC_DYNAMIC_NO_PIC = NO;
				GCC_NO_COMMON_BLOCKS = YES;
				GCC_OPTIMIZATION_LEVEL = 0;
				GCC_PREPROCESSOR_DEFINITIONS = (
					"DEBUG=1",
					"$(inherited)",
				);
				GCC_WARN_64_TO_32_BIT_CONVERSION = YES;
				GCC_WARN_ABOUT_RETURN_TYPE = YES_ERROR;
				GCC_WARN_UNDECLARED_SELECTOR = YES;
				GCC_WARN_UNINITIALIZED_AUTOS = YES_AGGRESSIVE;
				GCC_WARN_UNUSED_FUNCTION = YES;
				GCC_WARN_UNUSED_VARIABLE = YES;
				IPHONEOS_DEPLOYMENT_TARGET = 9.0;
				MTL_ENABLE_DEBUG_INFO = YES;
				ONLY_ACTIVE_ARCH = YES;
				SDKROOT = iphoneos;
			};
			name = Debug;
		};
		6B6B80961BE9A4C100751F8B /* Release */ = {
			isa = XCBuildConfiguration;
			buildSettings = {
				ALWAYS_SEARCH_USER_PATHS = NO;
				CLANG_CXX_LANGUAGE_STANDARD = "gnu++0x";
				CLANG_CXX_LIBRARY = "libc++";
				CLANG_ENABLE_MODULES = YES;
				CLANG_ENABLE_OBJC_ARC = YES;
				CLANG_WARN_BOOL_CONVERSION = YES;
				CLANG_WARN_CONSTANT_CONVERSION = YES;
				CLANG_WARN_DIRECT_OBJC_ISA_USAGE = YES_ERROR;
				CLANG_WARN_EMPTY_BODY = YES;
				CLANG_WARN_ENUM_CONVERSION = YES;
				CLANG_WARN_INT_CONVERSION = YES;
				CLANG_WARN_OBJC_ROOT_CLASS = YES_ERROR;
				CLANG_WARN_UNREACHABLE_CODE = YES;
				CLANG_WARN__DUPLICATE_METHOD_MATCH = YES;
				COPY_PHASE_STRIP = NO;
				DEBUG_INFORMATION_FORMAT = "dwarf-with-dsym";
				ENABLE_NS_ASSERTIONS = NO;
				ENABLE_STRICT_OBJC_MSGSEND = YES;
				GCC_C_LANGUAGE_STANDARD = gnu99;
				GCC_NO_COMMON_BLOCKS = YES;
				GCC_WARN_64_TO_32_BIT_CONVERSION = YES;
				GCC_WARN_ABOUT_RETURN_TYPE = YES_ERROR;
				GCC_WARN_UNDECLARED_SELECTOR = YES;
				GCC_WARN_UNINITIALIZED_AUTOS = YES_AGGRESSIVE;
				GCC_WARN_UNUSED_FUNCTION = YES;
				GCC_WARN_UNUSED_VARIABLE = YES;
				IPHONEOS_DEPLOYMENT_TARGET = 9.0;
				MTL_ENABLE_DEBUG_INFO = NO;
				SDKROOT = iphoneos;
				VALIDATE_PRODUCT = YES;
			};
			name = Release;
		};
		6B6B80981BE9A4C100751F8B /* Debug */ = {
			isa = XCBuildConfiguration;
			buildSettings = {
				OTHER_LDFLAGS = "-ObjC";
				PRODUCT_NAME = "$(TARGET_NAME)";
				SKIP_INSTALL = YES;
			};
			name = Debug;
		};
		6B6B80991BE9A4C100751F8B /* Release */ = {
			isa = XCBuildConfiguration;
			buildSettings = {
				OTHER_LDFLAGS = "-ObjC";
				PRODUCT_NAME = "$(TARGET_NAME)";
				SKIP_INSTALL = YES;
			};
			name = Release;
		};
/* End XCBuildConfiguration section */

/* Begin XCConfigurationList section */
		6B6B80891BE9A4C100751F8B /* Build configuration list for PBXProject "LibDemo" */ = {
			isa = XCConfigurationList;
			buildConfigurations = (
				6B6B80951BE9A4C100751F8B /* Debug */,
				6B6B80961BE9A4C100751F8B /* Release */,
			);
			defaultConfigurationIsVisible = 0;
			defaultConfigurationName = Release;
		};
		6B6B80971BE9A4C100751F8B /* Build configuration list for PBXNativeTarget "LibDemo" */ = {
			isa = XCConfigurationList;
			buildConfigurations = (
				6B6B80981BE9A4C100751F8B /* Debug */,
				6B6B80991BE9A4C100751F8B /* Release */,
			);
			defaultConfigurationIsVisible = 0;
		};
/* End XCConfigurationList section */
	};
	rootObject = 6B6B80861BE9A4C100751F8B /* Project object */;
}
